{
  "lockfileVersion": 1,
  "configVersion": 1,
  "workspaces": {
    "": {
      "dependencies": {
        "@opencode-ai/plugin": "1.1.51",
      },
    },
  },
  "packages": {
    "@opencode-ai/plugin": ["@opencode-ai/plugin@1.1.51", "", { "dependencies": { "@opencode-ai/sdk": "1.1.51", "zod": "4.1.8" } }, "sha512-FMtwIEG1HdXaQ4qtzRelF++qjKL4QKtJOB5Atud0Xu5c9T48TGCDDQJONTAjgVleyq3bb73tUt+ACBK0QSEOyw=="],
    "@opencode-ai/sdk": ["@opencode-ai/sdk@1.1.51", "", {}, "sha512-UL66X46AGgui5xURGEenXsIsgNVmgfkmJJeRtdeOMLhi/RcbTBikfPjjtmym3VLnqp855Wt7dZ/vAjOXqiUKXA=="],
    "zod": ["zod@4.1.8", "", {}, "sha512-5R1P+WwQqmmMIEACyzSvo4JXHY5WiAFHRMg+zBZKgKS+Q1viRa0C1hmUKtHltoIFKtIdki3pRxkmpP74jnNYHQ=="],
  }
}
