{
  "lockfileVersion": 1,
  "configVersion": 1,
  "workspaces": {
    "": {
      "dependencies": {
        "@opencode-ai/plugin": "1.1.59",
      },
    },
  },
  "packages": {
    "@opencode-ai/plugin": ["@opencode-ai/plugin@1.1.59", "", { "dependencies": { "@opencode-ai/sdk": "1.1.59", "zod": "4.1.8" } }, "sha512-2h/SoyS/OvRYxpT2L0xIil2DnLY7qP+RCnQYz5yZEZNkp4d5f1U2rHhktrpC4hbPahDo7wJRON3W564YflOJ9w=="],

    "@opencode-ai/sdk": ["@opencode-ai/sdk@1.1.59", "", {}, "sha512-g+Z0UQ9qNUcZsX4m/fXG4MHIquYlp4d2wfelRsynMj+AprfZ4He6u9GxAVT0FmLxuutj2ZxTLlspSe1+256pxg=="],

    "zod": ["zod@4.1.8", "", {}, "sha512-5R1P+WwQqmmMIEACyzSvo4JXHY5WiAFHRMg+zBZKgKS+Q1viRa0C1hmUKtHltoIFKtIdki3pRxkmpP74jnNYHQ=="],
  }
}
